# This file is autogenerated, do not edit; changes may be undone by the next 'dep ensure'.


[[projects]]
  branch = "master"
  name = "github.com/xlab/portaudio-go"
  packages = ["portaudio"]
  revision = "132d041879db3b263391fa7c4109f218a9441a34"

[[projects]]
  branch = "master"
  name = "github.com/xlab/vorbis-go"
  packages = ["decoder","vorbis"]
  revision = "1de75b5f6997f34bd917ccfe5dff0eec39443b92"

[solve-meta]
  analyzer-name = "dep"
  analyzer-version = 1
  inputs-digest = "cdb463ba0ca8e832176c95e765ecc55f394f81444adf376b0b7dfb551d05020e"
  solver-name = "gps-cdcl"
  solver-version = 1
