# This file is autogenerated, do not edit; changes may be undone by the next 'dep ensure'.


[[projects]]
  branch = "master"
  name = "github.com/badfortrains/mdns"
  packages = ["."]
  revision = "447166384f5140b2b79dc71c153f408b85ba1fae"

[[projects]]
  branch = "master"
  name = "github.com/badfortrains/spotcontrol"
  packages = ["proto"]
  revision = "869dc3fe64a91beafd767230c8413b04114babcf"

[[projects]]
  branch = "master"
  name = "github.com/golang/protobuf"
  packages = ["proto"]
  revision = "1e59b77b52bf8e4b449a57e6f79f21226d571845"

[[projects]]
  name = "github.com/miekg/dns"
  packages = ["."]
  revision = "787fb05a250f045a0c3e676c8c499ed412633f45"
  version = "v1.0.1"

[[projects]]
  branch = "master"
  name = "golang.org/x/crypto"
  packages = ["ed25519","ed25519/internal/edwards25519","pbkdf2"]
  revision = "d585fd2cc9195196078f516b69daff6744ef5e84"

[[projects]]
  branch = "master"
  name = "golang.org/x/net"
  packages = ["bpf","internal/iana","internal/socket","ipv4","ipv6"]
  revision = "d866cfc389cec985d6fda2859936a575a55a3ab6"

[solve-meta]
  analyzer-name = "dep"
  analyzer-version = 1
  inputs-digest = "99d385bdded71c6221013f57b8d61a123a4c89ec060bb9c2b872a0799829e6f6"
  solver-name = "gps-cdcl"
  solver-version = 1
