# This file is autogenerated, do not edit; changes may be undone by the next 'dep ensure'.


[[projects]]
  branch = "master"
  name = "github.com/golang/protobuf"
  packages = ["proto"]
  revision = "1e59b77b52bf8e4b449a57e6f79f21226d571845"

[solve-meta]
  analyzer-name = "dep"
  analyzer-version = 1
  inputs-digest = "99ae9a8db8c1345b9acbd75c1585531f802b79692c95b37f31ad73dc6c47b337"
  solver-name = "gps-cdcl"
  solver-version = 1
